// !$*UTF8*$!
{
	archiveVersion = 1;
	classes = {
	};
	objectVersion = 50;
	objects = {

/* Begin PBXBuildFile section */
		120C35E421E65F6600F680B8 /* AppDelegate.swift in Sources */ = {isa = PBXBuildFile; fileRef = 120C35E321E65F6600F680B8 /* AppDelegate.swift */; };
		120C35E621E65F6600F680B8 /* MagicViewController.swift in Sources */ = {isa = PBXBuildFile; fileRef = 120C35E521E65F6600F680B8 /* MagicViewController.swift */; };
		120C35E921E65F6600F680B8 /* Main.storyboard in Resources */ = {isa = PBXBuildFile; fileRef = 120C35E721E65F6600F680B8 /* Main.storyboard */; };
		120C35EB21E65F6700F680B8 /* Assets.xcassets in Resources */ = {isa = PBXBuildFile; fileRef = 120C35EA21E65F6700F680B8 /* Assets.xcassets */; };
		120C35EE21E65F6700F680B8 /* LaunchScreen.storyboard in Resources */ = {isa = PBXBuildFile; fileRef = 120C35EC21E65F6700F680B8 /* LaunchScreen.storyboard */; };
		120C35F621E661E500F680B8 /* PokemonViewController.swift in Sources */ = {isa = PBXBuildFile; fileRef = 120C35F521E661E500F680B8 /* PokemonViewController.swift */; };
		12AEB8F321E662C2007D63B5 /* MagicDetailedViewController.swift in Sources */ = {isa = PBXBuildFile; fileRef = 12AEB8F221E662C2007D63B5 /* MagicDetailedViewController.swift */; };
		12AEB8F521E662CF007D63B5 /* PokemonDetailedViewController.swift in Sources */ = {isa = PBXBuildFile; fileRef = 12AEB8F421E662CF007D63B5 /* PokemonDetailedViewController.swift */; };
		12AEB8F921E66462007D63B5 /* MagicCell.swift in Sources */ = {isa = PBXBuildFile; fileRef = 12AEB8F821E66462007D63B5 /* MagicCell.swift */; };
		12AEB8FF21E6652F007D63B5 /* PokemonCell.swift in Sources */ = {isa = PBXBuildFile; fileRef = 12AEB8FE21E6652F007D63B5 /* PokemonCell.swift */; };
		12AEB90121E66ACF007D63B5 /* MagicDetailedCell.swift in Sources */ = {isa = PBXBuildFile; fileRef = 12AEB90021E66ACF007D63B5 /* MagicDetailedCell.swift */; };
		12AEB90321E6727F007D63B5 /* PokemonDetailCell.swift in Sources */ = {isa = PBXBuildFile; fileRef = 12AEB90221E6727F007D63B5 /* PokemonDetailCell.swift */; };
		12AEB90521E67855007D63B5 /* NetworkHelper.swift in Sources */ = {isa = PBXBuildFile; fileRef = 12AEB90421E67855007D63B5 /* NetworkHelper.swift */; };
		12AEB90721E67860007D63B5 /* AppError.swift in Sources */ = {isa = PBXBuildFile; fileRef = 12AEB90621E67860007D63B5 /* AppError.swift */; };
		12AEB90921E6786A007D63B5 /* ImageHelper.swift in Sources */ = {isa = PBXBuildFile; fileRef = 12AEB90821E6786A007D63B5 /* ImageHelper.swift */; };
		12AEB90C21E67A5A007D63B5 /* MagicModel.swift in Sources */ = {isa = PBXBuildFile; fileRef = 12AEB90B21E67A5A007D63B5 /* MagicModel.swift */; };
		12AEB90E21E67A6B007D63B5 /* PokemonModel.swift in Sources */ = {isa = PBXBuildFile; fileRef = 12AEB90D21E67A6B007D63B5 /* PokemonModel.swift */; };
/* End PBXBuildFile section */

/* Begin PBXFileReference section */
		120C35E021E65F6600F680B8 /* TeamWork (Jason & Olimpia).app */ = {isa = PBXFileReference; explicitFileType = wrapper.application; includeInIndex = 0; path = "TeamWork (Jason & Olimpia).app"; sourceTree = BUILT_PRODUCTS_DIR; };
		120C35E321E65F6600F680B8 /* AppDelegate.swift */ = {isa = PBXFileReference; lastKnownFileType = sourcecode.swift; path = AppDelegate.swift; sourceTree = "<group>"; };
		120C35E521E65F6600F680B8 /* MagicViewController.swift */ = {isa = PBXFileReference; lastKnownFileType = sourcecode.swift; path = MagicViewController.swift; sourceTree = "<group>"; };
		120C35E821E65F6600F680B8 /* Base */ = {isa = PBXFileReference; lastKnownFileType = file.storyboard; name = Base; path = Base.lproj/Main.storyboard; sourceTree = "<group>"; };
		120C35EA21E65F6700F680B8 /* Assets.xcassets */ = {isa = PBXFileReference; lastKnownFileType = folder.assetcatalog; path = Assets.xcassets; sourceTree = "<group>"; };
		120C35ED21E65F6700F680B8 /* Base */ = {isa = PBXFileReference; lastKnownFileType = file.storyboard; name = Base; path = Base.lproj/LaunchScreen.storyboard; sourceTree = "<group>"; };
		120C35EF21E65F6700F680B8 /* Info.plist */ = {isa = PBXFileReference; lastKnownFileType = text.plist.xml; path = Info.plist; sourceTree = "<group>"; };
		120C35F521E661E500F680B8 /* PokemonViewController.swift */ = {isa = PBXFileReference; lastKnownFileType = sourcecode.swift; path = PokemonViewController.swift; sourceTree = "<group>"; };
		12AEB8F221E662C2007D63B5 /* MagicDetailedViewController.swift */ = {isa = PBXFileReference; lastKnownFileType = sourcecode.swift; path = MagicDetailedViewController.swift; sourceTree = "<group>"; };
		12AEB8F421E662CF007D63B5 /* PokemonDetailedViewController.swift */ = {isa = PBXFileReference; lastKnownFileType = sourcecode.swift; path = PokemonDetailedViewController.swift; sourceTree = "<group>"; };
		12AEB8F821E66462007D63B5 /* MagicCell.swift */ = {isa = PBXFileReference; lastKnownFileType = sourcecode.swift; path = MagicCell.swift; sourceTree = "<group>"; };
		12AEB8FE21E6652F007D63B5 /* PokemonCell.swift */ = {isa = PBXFileReference; lastKnownFileType = sourcecode.swift; path = PokemonCell.swift; sourceTree = "<group>"; };
		12AEB90021E66ACF007D63B5 /* MagicDetailedCell.swift */ = {isa = PBXFileReference; lastKnownFileType = sourcecode.swift; path = MagicDetailedCell.swift; sourceTree = "<group>"; };
		12AEB90221E6727F007D63B5 /* PokemonDetailCell.swift */ = {isa = PBXFileReference; lastKnownFileType = sourcecode.swift; path = PokemonDetailCell.swift; sourceTree = "<group>"; };
		12AEB90421E67855007D63B5 /* NetworkHelper.swift */ = {isa = PBXFileReference; lastKnownFileType = sourcecode.swift; path = NetworkHelper.swift; sourceTree = "<group>"; };
		12AEB90621E67860007D63B5 /* AppError.swift */ = {isa = PBXFileReference; lastKnownFileType = sourcecode.swift; path = AppError.swift; sourceTree = "<group>"; };
		12AEB90821E6786A007D63B5 /* ImageHelper.swift */ = {isa = PBXFileReference; lastKnownFileType = sourcecode.swift; path = ImageHelper.swift; sourceTree = "<group>"; };
		12AEB90B21E67A5A007D63B5 /* MagicModel.swift */ = {isa = PBXFileReference; lastKnownFileType = sourcecode.swift; path = MagicModel.swift; sourceTree = "<group>"; };
		12AEB90D21E67A6B007D63B5 /* PokemonModel.swift */ = {isa = PBXFileReference; lastKnownFileType = sourcecode.swift; path = PokemonModel.swift; sourceTree = "<group>"; };
/* End PBXFileReference section */

/* Begin PBXFrameworksBuildPhase section */
		120C35DD21E65F6600F680B8 /* Frameworks */ = {
			isa = PBXFrameworksBuildPhase;
			buildActionMask = 2147483647;
			files = (
			);
			runOnlyForDeploymentPostprocessing = 0;
		};
/* End PBXFrameworksBuildPhase section */

/* Begin PBXGroup section */
		120C35D721E65F6600F680B8 = {
			isa = PBXGroup;
			children = (
				120C35E221E65F6600F680B8 /* TeamWork (Jason & Olimpia) */,
				120C35E121E65F6600F680B8 /* Products */,
			);
			sourceTree = "<group>";
		};
		120C35E121E65F6600F680B8 /* Products */ = {
			isa = PBXGroup;
			children = (
				120C35E021E65F6600F680B8 /* TeamWork (Jason & Olimpia).app */,
			);
			name = Products;
			sourceTree = "<group>";
		};
		120C35E221E65F6600F680B8 /* TeamWork (Jason & Olimpia) */ = {
			isa = PBXGroup;
			children = (
				12AEB90A21E67A49007D63B5 /* Models */,
				120C35E721E65F6600F680B8 /* Main.storyboard */,
				12AEB8FD21E664FC007D63B5 /* Network Helper */,
				12AEB8FC21E664E7007D63B5 /* Cells */,
				12AEB8FA21E664B3007D63B5 /* Controllers */,
				12AEB8FB21E664D4007D63B5 /* Support Files */,
				120C35EF21E65F6700F680B8 /* Info.plist */,
			);
			path = "TeamWork (Jason & Olimpia)";
			sourceTree = "<group>";
		};
		12AEB8FA21E664B3007D63B5 /* Controllers */ = {
			isa = PBXGroup;
			children = (
				120C35E521E65F6600F680B8 /* MagicViewController.swift */,
				12AEB8F221E662C2007D63B5 /* MagicDetailedViewController.swift */,
				12AEB8F421E662CF007D63B5 /* PokemonDetailedViewController.swift */,
				120C35F521E661E500F680B8 /* PokemonViewController.swift */,
			);
			path = Controllers;
			sourceTree = "<group>";
		};
		12AEB8FB21E664D4007D63B5 /* Support Files */ = {
			isa = PBXGroup;
			children = (
				120C35EA21E65F6700F680B8 /* Assets.xcassets */,
				120C35E321E65F6600F680B8 /* AppDelegate.swift */,
				120C35EC21E65F6700F680B8 /* LaunchScreen.storyboard */,
			);
			path = "Support Files";
			sourceTree = "<group>";
		};
		12AEB8FC21E664E7007D63B5 /* Cells */ = {
			isa = PBXGroup;
			children = (
				12AEB8F821E66462007D63B5 /* MagicCell.swift */,
				12AEB8FE21E6652F007D63B5 /* PokemonCell.swift */,
				12AEB90021E66ACF007D63B5 /* MagicDetailedCell.swift */,
				12AEB90221E6727F007D63B5 /* PokemonDetailCell.swift */,
			);
			path = Cells;
			sourceTree = "<group>";
		};
		12AEB8FD21E664FC007D63B5 /* Network Helper */ = {
			isa = PBXGroup;
			children = (
				12AEB90421E67855007D63B5 /* NetworkHelper.swift */,
				12AEB90621E67860007D63B5 /* AppError.swift */,
				12AEB90821E6786A007D63B5 /* ImageHelper.swift */,
			);
			path = "Network Helper";
			sourceTree = "<group>";
		};
		12AEB90A21E67A49007D63B5 /* Models */ = {
			isa = PBXGroup;
			children = (
				12AEB90B21E67A5A007D63B5 /* MagicModel.swift */,
				12AEB90D21E67A6B007D63B5 /* PokemonModel.swift */,
			);
			path = Models;
			sourceTree = "<group>";
		};
/* End PBXGroup section */

/* Begin PBXNativeTarget section */
		120C35DF21E65F6600F680B8 /* TeamWork (Jason & Olimpia) */ = {
			isa = PBXNativeTarget;
			buildConfigurationList = 120C35F221E65F6700F680B8 /* Build configuration list for PBXNativeTarget "TeamWork (Jason & Olimpia)" */;
			buildPhases = (
				120C35DC21E65F6600F680B8 /* Sources */,
				120C35DD21E65F6600F680B8 /* Frameworks */,
				120C35DE21E65F6600F680B8 /* Resources */,
			);
			buildRules = (
			);
			dependencies = (
			);
			name = "TeamWork (Jason & Olimpia)";
			productName = "TeamWork (Jason & Olimpia)";
			productReference = 120C35E021E65F6600F680B8 /* TeamWork (Jason & Olimpia).app */;
			productType = "com.apple.product-type.application";
		};
/* End PBXNativeTarget section */

/* Begin PBXProject section */
		120C35D821E65F6600F680B8 /* Project object */ = {
			isa = PBXProject;
			attributes = {
				LastSwiftUpdateCheck = 1000;
				LastUpgradeCheck = 1000;
				ORGANIZATIONNAME = Olimpia;
				TargetAttributes = {
					120C35DF21E65F6600F680B8 = {
						CreatedOnToolsVersion = 10.0;
					};
				};
			};
			buildConfigurationList = 120C35DB21E65F6600F680B8 /* Build configuration list for PBXProject "TeamWork (Jason & Olimpia)" */;
			compatibilityVersion = "Xcode 9.3";
			developmentRegion = en;
			hasScannedForEncodings = 0;
			knownRegions = (
				en,
				Base,
			);
			mainGroup = 120C35D721E65F6600F680B8;
			productRefGroup = 120C35E121E65F6600F680B8 /* Products */;
			projectDirPath = "";
			projectRoot = "";
			targets = (
				120C35DF21E65F6600F680B8 /* TeamWork (Jason & Olimpia) */,
			);
		};
/* End PBXProject section */

/* Begin PBXResourcesBuildPhase section */
		120C35DE21E65F6600F680B8 /* Resources */ = {
			isa = PBXResourcesBuildPhase;
			buildActionMask = 2147483647;
			files = (
				120C35EE21E65F6700F680B8 /* LaunchScreen.storyboard in Resources */,
				120C35EB21E65F6700F680B8 /* Assets.xcassets in Resources */,
				120C35E921E65F6600F680B8 /* Main.storyboard in Resources */,
			);
			runOnlyForDeploymentPostprocessing = 0;
		};
/* End PBXResourcesBuildPhase section */

/* Begin PBXSourcesBuildPhase section */
		120C35DC21E65F6600F680B8 /* Sources */ = {
			isa = PBXSourcesBuildPhase;
			buildActionMask = 2147483647;
			files = (
				12AEB8F321E662C2007D63B5 /* MagicDetailedViewController.swift in Sources */,
				12AEB8F521E662CF007D63B5 /* PokemonDetailedViewController.swift in Sources */,
				12AEB90521E67855007D63B5 /* NetworkHelper.swift in Sources */,
				120C35E621E65F6600F680B8 /* MagicViewController.swift in Sources */,
				12AEB8FF21E6652F007D63B5 /* PokemonCell.swift in Sources */,
				120C35E421E65F6600F680B8 /* AppDelegate.swift in Sources */,
				12AEB90C21E67A5A007D63B5 /* MagicModel.swift in Sources */,
				12AEB8F921E66462007D63B5 /* MagicCell.swift in Sources */,
				120C35F621E661E500F680B8 /* PokemonViewController.swift in Sources */,
				12AEB90721E67860007D63B5 /* AppError.swift in Sources */,
				12AEB90121E66ACF007D63B5 /* MagicDetailedCell.swift in Sources */,
				12AEB90E21E67A6B007D63B5 /* PokemonModel.swift in Sources */,
				12AEB90321E6727F007D63B5 /* PokemonDetailCell.swift in Sources */,
				12AEB90921E6786A007D63B5 /* ImageHelper.swift in Sources */,
			);
			runOnlyForDeploymentPostprocessing = 0;
		};
/* End PBXSourcesBuildPhase section */

/* Begin PBXVariantGroup section */
		120C35E721E65F6600F680B8 /* Main.storyboard */ = {
			isa = PBXVariantGroup;
			children = (
				120C35E821E65F6600F680B8 /* Base */,
			);
			name = Main.storyboard;
			sourceTree = "<group>";
		};
		120C35EC21E65F6700F680B8 /* LaunchScreen.storyboard */ = {
			isa = PBXVariantGroup;
			children = (
				120C35ED21E65F6700F680B8 /* Base */,
			);
			name = LaunchScreen.storyboard;
			sourceTree = "<group>";
		};
/* End PBXVariantGroup section */

/* Begin XCBuildConfiguration section */
		120C35F021E65F6700F680B8 /* Debug */ = {
			isa = XCBuildConfiguration;
			buildSettings = {
				ALWAYS_SEARCH_USER_PATHS = NO;
				CLANG_ANALYZER_NONNULL = YES;
				CLANG_ANALYZER_NUMBER_OBJECT_CONVERSION = YES_AGGRESSIVE;
				CLANG_CXX_LANGUAGE_STANDARD = "gnu++14";
				CLANG_CXX_LIBRARY = "libc++";
				CLANG_ENABLE_MODULES = YES;
				CLANG_ENABLE_OBJC_ARC = YES;
				CLANG_ENABLE_OBJC_WEAK = YES;
				CLANG_WARN_BLOCK_CAPTURE_AUTORELEASING = YES;
				CLANG_WARN_BOOL_CONVERSION = YES;
				CLANG_WARN_COMMA = YES;
				CLANG_WARN_CONSTANT_CONVERSION = YES;
				CLANG_WARN_DEPRECATED_OBJC_IMPLEMENTATIONS = YES;
				CLANG_WARN_DIRECT_OBJC_ISA_USAGE = YES_ERROR;
				CLANG_WARN_DOCUMENTATION_COMMENTS = YES;
				CLANG_WARN_EMPTY_BODY = YES;
				CLANG_WARN_ENUM_CONVERSION = YES;
				CLANG_WARN_INFINITE_RECURSION = YES;
				CLANG_WARN_INT_CONVERSION = YES;
				CLANG_WARN_NON_LITERAL_NULL_CONVERSION = YES;
				CLANG_WARN_OBJC_IMPLICIT_RETAIN_SELF = YES;
				CLANG_WARN_OBJC_LITERAL_CONVERSION = YES;
				CLANG_WARN_OBJC_ROOT_CLASS = YES_ERROR;
				CLANG_WARN_RANGE_LOOP_ANALYSIS = YES;
				CLANG_WARN_STRICT_PROTOTYPES = YES;
				CLANG_WARN_SUSPICIOUS_MOVE = YES;
				CLANG_WARN_UNGUARDED_AVAILABILITY = YES_AGGRESSIVE;
				CLANG_WARN_UNREACHABLE_CODE = YES;
				CLANG_WARN__DUPLICATE_METHOD_MATCH = YES;
				CODE_SIGN_IDENTITY = "iPhone Developer";
				COPY_PHASE_STRIP = NO;
				DEBUG_INFORMATION_FORMAT = dwarf;
				ENABLE_STRICT_OBJC_MSGSEND = YES;
				ENABLE_TESTABILITY = YES;
				GCC_C_LANGUAGE_STANDARD = gnu11;
				GCC_DYNAMIC_NO_PIC = NO;
				GCC_NO_COMMON_BLOCKS = YES;
				GCC_OPTIMIZATION_LEVEL = 0;
				GCC_PREPROCESSOR_DEFINITIONS = (
					"DEBUG=1",
					"$(inherited)",
				);
				GCC_WARN_64_TO_32_BIT_CONVERSION = YES;
				GCC_WARN_ABOUT_RETURN_TYPE = YES_ERROR;
				GCC_WARN_UNDECLARED_SELECTOR = YES;
				GCC_WARN_UNINITIALIZED_AUTOS = YES_AGGRESSIVE;
				GCC_WARN_UNUSED_FUNCTION = YES;
				GCC_WARN_UNUSED_VARIABLE = YES;
				IPHONEOS_DEPLOYMENT_TARGET = 12.0;
				MTL_ENABLE_DEBUG_INFO = INCLUDE_SOURCE;
				MTL_FAST_MATH = YES;
				ONLY_ACTIVE_ARCH = YES;
				SDKROOT = iphoneos;
				SWIFT_ACTIVE_COMPILATION_CONDITIONS = DEBUG;
				SWIFT_OPTIMIZATION_LEVEL = "-Onone";
			};
			name = Debug;
		};
		120C35F121E65F6700F680B8 /* Release */ = {
			isa = XCBuildConfiguration;
			buildSettings = {
				ALWAYS_SEARCH_USER_PATHS = NO;
				CLANG_ANALYZER_NONNULL = YES;
				CLANG_ANALYZER_NUMBER_OBJECT_CONVERSION = YES_AGGRESSIVE;
				CLANG_CXX_LANGUAGE_STANDARD = "gnu++14";
				CLANG_CXX_LIBRARY = "libc++";
				CLANG_ENABLE_MODULES = YES;
				CLANG_ENABLE_OBJC_ARC = YES;
				CLANG_ENABLE_OBJC_WEAK = YES;
				CLANG_WARN_BLOCK_CAPTURE_AUTORELEASING = YES;
				CLANG_WARN_BOOL_CONVERSION = YES;
				CLANG_WARN_COMMA = YES;
				CLANG_WARN_CONSTANT_CONVERSION = YES;
				CLANG_WARN_DEPRECATED_OBJC_IMPLEMENTATIONS = YES;
				CLANG_WARN_DIRECT_OBJC_ISA_USAGE = YES_ERROR;
				CLANG_WARN_DOCUMENTATION_COMMENTS = YES;
				CLANG_WARN_EMPTY_BODY = YES;
				CLANG_WARN_ENUM_CONVERSION = YES;
				CLANG_WARN_INFINITE_RECURSION = YES;
				CLANG_WARN_INT_CONVERSION = YES;
				CLANG_WARN_NON_LITERAL_NULL_CONVERSION = YES;
				CLANG_WARN_OBJC_IMPLICIT_RETAIN_SELF = YES;
				CLANG_WARN_OBJC_LITERAL_CONVERSION = YES;
				CLANG_WARN_OBJC_ROOT_CLASS = YES_ERROR;
				CLANG_WARN_RANGE_LOOP_ANALYSIS = YES;
				CLANG_WARN_STRICT_PROTOTYPES = YES;
				CLANG_WARN_SUSPICIOUS_MOVE = YES;
				CLANG_WARN_UNGUARDED_AVAILABILITY = YES_AGGRESSIVE;
				CLANG_WARN_UNREACHABLE_CODE = YES;
				CLANG_WARN__DUPLICATE_METHOD_MATCH = YES;
				CODE_SIGN_IDENTITY = "iPhone Developer";
				COPY_PHASE_STRIP = NO;
				DEBUG_INFORMATION_FORMAT = "dwarf-with-dsym";
				ENABLE_NS_ASSERTIONS = NO;
				ENABLE_STRICT_OBJC_MSGSEND = YES;
				GCC_C_LANGUAGE_STANDARD = gnu11;
				GCC_NO_COMMON_BLOCKS = YES;
				GCC_WARN_64_TO_32_BIT_CONVERSION = YES;
				GCC_WARN_ABOUT_RETURN_TYPE = YES_ERROR;
				GCC_WARN_UNDECLARED_SELECTOR = YES;
				GCC_WARN_UNINITIALIZED_AUTOS = YES_AGGRESSIVE;
				GCC_WARN_UNUSED_FUNCTION = YES;
				GCC_WARN_UNUSED_VARIABLE = YES;
				IPHONEOS_DEPLOYMENT_TARGET = 12.0;
				MTL_ENABLE_DEBUG_INFO = NO;
				MTL_FAST_MATH = YES;
				SDKROOT = iphoneos;
				SWIFT_COMPILATION_MODE = wholemodule;
				SWIFT_OPTIMIZATION_LEVEL = "-O";
				VALIDATE_PRODUCT = YES;
			};
			name = Release;
		};
		120C35F321E65F6700F680B8 /* Debug */ = {
			isa = XCBuildConfiguration;
			buildSettings = {
				ASSETCATALOG_COMPILER_APPICON_NAME = AppIcon;
				CODE_SIGN_STYLE = Automatic;
				DEVELOPMENT_TEAM = 427QA2XMX6;
				INFOPLIST_FILE = "TeamWork (Jason & Olimpia)/Info.plist";
				LD_RUNPATH_SEARCH_PATHS = (
					"$(inherited)",
					"@executable_path/Frameworks",
				);
				PRODUCT_BUNDLE_IDENTIFIER = "Xcode.TeamWork--Jason---Olimpia-";
				PRODUCT_NAME = "$(TARGET_NAME)";
				SWIFT_VERSION = 4.2;
				TARGETED_DEVICE_FAMILY = "1,2";
			};
			name = Debug;
		};
		120C35F421E65F6700F680B8 /* Release */ = {
			isa = XCBuildConfiguration;
			buildSettings = {
				ASSETCATALOG_COMPILER_APPICON_NAME = AppIcon;
				CODE_SIGN_STYLE = Automatic;
				DEVELOPMENT_TEAM = 427QA2XMX6;
				INFOPLIST_FILE = "TeamWork (Jason & Olimpia)/Info.plist";
				LD_RUNPATH_SEARCH_PATHS = (
					"$(inherited)",
					"@executable_path/Frameworks",
				);
				PRODUCT_BUNDLE_IDENTIFIER = "Xcode.TeamWork--Jason---Olimpia-";
				PRODUCT_NAME = "$(TARGET_NAME)";
				SWIFT_VERSION = 4.2;
				TARGETED_DEVICE_FAMILY = "1,2";
			};
			name = Release;
		};
/* End XCBuildConfiguration section */

/* Begin XCConfigurationList section */
		120C35DB21E65F6600F680B8 /* Build configuration list for PBXProject "TeamWork (Jason & Olimpia)" */ = {
			isa = XCConfigurationList;
			buildConfigurations = (
				120C35F021E65F6700F680B8 /* Debug */,
				120C35F121E65F6700F680B8 /* Release */,
			);
			defaultConfigurationIsVisible = 0;
			defaultConfigurationName = Release;
		};
		120C35F221E65F6700F680B8 /* Build configuration list for PBXNativeTarget "TeamWork (Jason & Olimpia)" */ = {
			isa = XCConfigurationList;
			buildConfigurations = (
				120C35F321E65F6700F680B8 /* Debug */,
				120C35F421E65F6700F680B8 /* Release */,
			);
			defaultConfigurationIsVisible = 0;
			defaultConfigurationName = Release;
		};
/* End XCConfigurationList section */
	};
	rootObject = 120C35D821E65F6600F680B8 /* Project object */;
}
